# THIS IS AN AUTOGENERATED FILE. DO NOT EDIT THIS FILE DIRECTLY.
# yarn lockfile v1


"@babel/parser@^7.16.4":
  version "7.18.13"
  resolved "https://registry.yarnpkg.com/@babel/parser/-/parser-7.18.13.tgz#5b2dd21cae4a2c5145f1fbd8ca103f9313d3b7e4"
  integrity sha512-dgXcIfMuQ0kgzLB2b9tRZs7TTFFaGM2AbtA4fJgUUYukzGH4jwsS7hzQHEGs67jdehpm22vkgKwvbU+aEflgwg==

"@vue/compiler-core@3.2.38":
  version "3.2.38"
  resolved "https://registry.yarnpkg.com/@vue/compiler-core/-/compiler-core-3.2.38.tgz#0a2a7bffd2280ac19a96baf5301838a2cf1964d7"
  integrity sha512-/FsvnSu7Z+lkd/8KXMa4yYNUiqQrI22135gfsQYVGuh5tqEgOB0XqrUdb/KnCLa5+TmQLPwvyUnKMyCpu+SX3Q==
  dependencies:
    "@babel/parser" "^7.16.4"
    "@vue/shared" "3.2.38"
    estree-walker "^2.0.2"
    source-map "^0.6.1"

"@vue/compiler-dom@3.2.38":
  version "3.2.38"
  resolved "https://registry.yarnpkg.com/@vue/compiler-dom/-/compiler-dom-3.2.38.tgz#53d04ed0c0c62d1ef259bf82f9b28100a880b6fd"
  integrity sha512-zqX4FgUbw56kzHlgYuEEJR8mefFiiyR3u96498+zWPsLeh1WKvgIReoNE+U7gG8bCUdvsrJ0JRmev0Ky6n2O0g==
  dependencies:
    "@vue/compiler-core" "3.2.38"
    "@vue/shared" "3.2.38"

"@vue/compiler-sfc@3.2.38":
  version "3.2.38"
  resolved "https://registry.yarnpkg.com/@vue/compiler-sfc/-/compiler-sfc-3.2.38.tgz#9e763019471a535eb1fceeaac9d4d18a83f0940f"
  integrity sha512-KZjrW32KloMYtTcHAFuw3CqsyWc5X6seb8KbkANSWt3Cz9p2qA8c1GJpSkksFP9ABb6an0FLCFl46ZFXx3kKpg==
  dependencies:
    "@babel/parser" "^7.16.4"
    "@vue/compiler-core" "3.2.38"
    "@vue/compiler-dom" "3.2.38"
    "@vue/compiler-ssr" "3.2.38"
    "@vue/reactivity-transform" "3.2.38"
    "@vue/shared" "3.2.38"
    estree-walker "^2.0.2"
    magic-string "^0.25.7"
    postcss "^8.1.10"
    source-map "^0.6.1"

"@vue/compiler-ssr@3.2.38":
  version "3.2.38"
  resolved "https://registry.yarnpkg.com/@vue/compiler-ssr/-/compiler-ssr-3.2.38.tgz#933b23bf99e667e5078eefc6ba94cb95fd765dfe"
  integrity sha512-bm9jOeyv1H3UskNm4S6IfueKjUNFmi2kRweFIGnqaGkkRePjwEcfCVqyS3roe7HvF4ugsEkhf4+kIvDhip6XzQ==
  dependencies:
    "@vue/compiler-dom" "3.2.38"
    "@vue/shared" "3.2.38"

"@vue/reactivity-transform@3.2.38":
  version "3.2.38"
  resolved "https://registry.yarnpkg.com/@vue/reactivity-transform/-/reactivity-transform-3.2.38.tgz#a856c217b2ead99eefb6fddb1d61119b2cb67984"
  integrity sha512-3SD3Jmi1yXrDwiNJqQ6fs1x61WsDLqVk4NyKVz78mkaIRh6d3IqtRnptgRfXn+Fzf+m6B1KxBYWq1APj6h4qeA==
  dependencies:
    "@babel/parser" "^7.16.4"
    "@vue/compiler-core" "3.2.38"
    "@vue/shared" "3.2.38"
    estree-walker "^2.0.2"
    magic-string "^0.25.7"

"@vue/reactivity@3.2.38":
  version "3.2.38"
  resolved "https://registry.yarnpkg.com/@vue/reactivity/-/reactivity-3.2.38.tgz#d576fdcea98eefb96a1f1ad456e289263e87292e"
  integrity sha512-6L4myYcH9HG2M25co7/BSo0skKFHpAN8PhkNPM4xRVkyGl1K5M3Jx4rp5bsYhvYze2K4+l+pioN4e6ZwFLUVtw==
  dependencies:
    "@vue/shared" "3.2.38"

"@vue/runtime-core@3.2.38":
  version "3.2.38"
  resolved "https://registry.yarnpkg.com/@vue/runtime-core/-/runtime-core-3.2.38.tgz#d19cf591c210713f80e6a94ffbfef307c27aea06"
  integrity sha512-kk0qiSiXUU/IKxZw31824rxmFzrLr3TL6ZcbrxWTKivadoKupdlzbQM4SlGo4MU6Zzrqv4fzyUasTU1jDoEnzg==
  dependencies:
    "@vue/reactivity" "3.2.38"
    "@vue/shared" "3.2.38"

"@vue/runtime-dom@3.2.38":
  version "3.2.38"
  resolved "https://registry.yarnpkg.com/@vue/runtime-dom/-/runtime-dom-3.2.38.tgz#fec711f65c2485991289fd4798780aa506469b48"
  integrity sha512-4PKAb/ck2TjxdMSzMsnHViOrrwpudk4/A56uZjhzvusoEU9xqa5dygksbzYepdZeB5NqtRw5fRhWIiQlRVK45A==
  dependencies:
    "@vue/runtime-core" "3.2.38"
    "@vue/shared" "3.2.38"
    csstype "^2.6.8"

"@vue/server-renderer@3.2.38":
  version "3.2.38"
  resolved "https://registry.yarnpkg.com/@vue/server-renderer/-/server-renderer-3.2.38.tgz#01a4c0f218e90b8ad1815074208a1974ded109aa"
  integrity sha512-pg+JanpbOZ5kEfOZzO2bt02YHd+ELhYP8zPeLU1H0e7lg079NtuuSB8fjLdn58c4Ou8UQ6C1/P+528nXnLPAhA==
  dependencies:
    "@vue/compiler-ssr" "3.2.38"
    "@vue/shared" "3.2.38"

"@vue/shared@3.2.38":
  version "3.2.38"
  resolved "https://registry.yarnpkg.com/@vue/shared/-/shared-3.2.38.tgz#e823f0cb2e85b6bf43430c0d6811b1441c300f3c"
  integrity sha512-dTyhTIRmGXBjxJE+skC8tTWCGLCVc4wQgRRLt8+O9p5ewBAjoBwtCAkLPrtToSr1xltoe3st21Pv953aOZ7alg==

csstype@^2.6.8:
  version "2.6.20"
  resolved "https://registry.yarnpkg.com/csstype/-/csstype-2.6.20.tgz#9229c65ea0b260cf4d3d997cb06288e36a8d6dda"
  integrity sha512-/WwNkdXfckNgw6S5R125rrW8ez139lBHWouiBvX8dfMFtcn6V81REDqnH7+CRpRipfYlyU1CmOnOxrmGcFOjeA==

estree-walker@^2.0.2:
  version "2.0.2"
  resolved "https://registry.yarnpkg.com/estree-walker/-/estree-walker-2.0.2.tgz#52f010178c2a4c117a7757cfe942adb7d2da4cac"
  integrity sha512-Rfkk/Mp/DL7JVje3u18FxFujQlTNR2q6QfMSMB7AvCBx91NGj/ba3kCfza0f6dVDbw7YlRf/nDrn7pQrCCyQ/w==

magic-string@^0.25.7:
  version "0.25.9"
  resolved "https://registry.yarnpkg.com/magic-string/-/magic-string-0.25.9.tgz#de7f9faf91ef8a1c91d02c2e5314c8277dbcdd1c"
  integrity sha512-RmF0AsMzgt25qzqqLc1+MbHmhdx0ojF2Fvs4XnOqz2ZOBXzzkEwc/dJQZCYHAn7v1jbVOjAZfK8msRn4BxO4VQ==
  dependencies:
    sourcemap-codec "^1.4.8"

nanoid@^3.3.4:
  version "3.3.4"
  resolved "https://registry.yarnpkg.com/nanoid/-/nanoid-3.3.4.tgz#730b67e3cd09e2deacf03c027c81c9d9dbc5e8ab"
  integrity sha512-MqBkQh/OHTS2egovRtLk45wEyNXwF+cokD+1YPf9u5VfJiRdAiRwB2froX5Co9Rh20xs4siNPm8naNotSD6RBw==

picocolors@^1.0.0:
  version "1.0.0"
  resolved "https://registry.yarnpkg.com/picocolors/-/picocolors-1.0.0.tgz#cb5bdc74ff3f51892236eaf79d68bc44564ab81c"
  integrity sha512-1fygroTLlHu66zi26VoTDv8yRgm0Fccecssto+MhsZ0D/DGW2sm8E8AjW7NU5VVTRt5GxbeZ5qBuJr+HyLYkjQ==

postcss@^8.1.10:
  version "8.4.16"
  resolved "https://registry.yarnpkg.com/postcss/-/postcss-8.4.16.tgz#33a1d675fac39941f5f445db0de4db2b6e01d43c"
  integrity sha512-ipHE1XBvKzm5xI7hiHCZJCSugxvsdq2mPnsq5+UF+VHCjiBvtDrlxJfMBToWaP9D5XlgNmcFGqoHmUn0EYEaRQ==
  dependencies:
    nanoid "^3.3.4"
    picocolors "^1.0.0"
    source-map-js "^1.0.2"

source-map-js@^1.0.2:
  version "1.0.2"
  resolved "https://registry.yarnpkg.com/source-map-js/-/source-map-js-1.0.2.tgz#adbc361d9c62df380125e7f161f71c826f1e490c"
  integrity sha512-R0XvVJ9WusLiqTCEiGCmICCMplcCkIwwR11mOSD9CR5u+IXYdiseeEuXCVAjS54zqwkLcPNnmU4OeJ6tUrWhDw==

source-map@^0.6.1:
  version "0.6.1"
  resolved "https://registry.yarnpkg.com/source-map/-/source-map-0.6.1.tgz#74722af32e9614e9c287a8d0bbde48b5e2f1a263"
  integrity sha512-UjgapumWlbMhkBgzT7Ykc5YXUT46F0iKu8SGXq0bcwP5dz/h0Plj6enJqjz1Zbq2l5WaqYnrVbwWOWMyF3F47g==

sourcemap-codec@^1.4.8:
  version "1.4.8"
  resolved "https://registry.yarnpkg.com/sourcemap-codec/-/sourcemap-codec-1.4.8.tgz#ea804bd94857402e6992d05a38ef1ae35a9ab4c4"
  integrity sha512-9NykojV5Uih4lgo5So5dtw+f0JgJX30KCNI8gwhz2J9A15wD0Ml6tjHKwf6fTSa6fAdVBdZeNOs9eJ71qCk8vA==

vue@^3.2.38:
  version "3.2.38"
  resolved "https://registry.yarnpkg.com/vue/-/vue-3.2.38.tgz#cda3a414631745b194971219318a792dbbccdec0"
  integrity sha512-hHrScEFSmDAWL0cwO4B6WO7D3sALZPbfuThDsGBebthrNlDxdJZpGR3WB87VbjpPh96mep1+KzukYEhpHDFa8Q==
  dependencies:
    "@vue/compiler-dom" "3.2.38"
    "@vue/compiler-sfc" "3.2.38"
    "@vue/runtime-dom" "3.2.38"
    "@vue/server-renderer" "3.2.38"
    "@vue/shared" "3.2.38"
